
Microsoft Visual Studio Solution File, Format Version 12.00
# Visual Studio Version 16
VisualStudioVersion = 16.0.31424.327
MinimumVisualStudioVersion = 10.0.40219.1
Project("{2150E333-8FDC-42A3-9474-1A3956D46DE8}") = "Services", "Services", "{FFB2CED4-7DD8-4F72-89BF-8B079C80C855}"
EndProject
Project("{2150E333-8FDC-42A3-9474-1A3956D46DE8}") = "Catalog", "Catalog", "{B4FD0635-EA83-4E51-BFB5-B676D1F7DC85}"
EndProject
Project("{9A19103F-16F7-4668-BE54-9A1E7A4F7556}") = "Catalog.API", "Services\Catalog\Catalog.API\Catalog.API.csproj", "{4C4B5B3C-2520-4F59-AE6A-C04424767995}"
EndProject
Project("{E53339B2-1760-4266-BCC7-CA923CBCF16C}") = "docker-compose", "docker-compose.dcproj", "{CC32A5B9-0A11-41D1-891F-304A7C32A561}"
EndProject
Project("{2150E333-8FDC-42A3-9474-1A3956D46DE8}") = "Basket", "Basket", "{F26D58AD-77FC-4A6F-A264-2290B2F35C9B}"
EndProject
Project("{9A19103F-16F7-4668-BE54-9A1E7A4F7556}") = "Basket.API", "Services\Basket\Basket.API\Basket.API.csproj", "{92CC8E9B-E3D4-408C-82E7-18811F1C6E2E}"
EndProject
Project("{2150E333-8FDC-42A3-9474-1A3956D46DE8}") = "Discount", "Discount", "{069725D9-F51E-45A1-B8B7-6A668D572FF9}"
EndProject
Project("{FAE04EC0-301F-11D3-BF4B-00C04F79EFBC}") = "Discount.API", "Services\Discount\Discount.API\Discount.API.csproj", "{51ADD5F2-E5CF-4360-AA78-B97FC790D828}"
EndProject
Global
	GlobalSection(SolutionConfigurationPlatforms) = preSolution
		Debug|Any CPU = Debug|Any CPU
		Release|Any CPU = Release|Any CPU
	EndGlobalSection
	GlobalSection(ProjectConfigurationPlatforms) = postSolution
		{4C4B5B3C-2520-4F59-AE6A-C04424767995}.Debug|Any CPU.ActiveCfg = Debug|Any CPU
		{4C4B5B3C-2520-4F59-AE6A-C04424767995}.Debug|Any CPU.Build.0 = Debug|Any CPU
		{4C4B5B3C-2520-4F59-AE6A-C04424767995}.Release|Any CPU.ActiveCfg = Release|Any CPU
		{4C4B5B3C-2520-4F59-AE6A-C04424767995}.Release|Any CPU.Build.0 = Release|Any CPU
		{CC32A5B9-0A11-41D1-891F-304A7C32A561}.Debug|Any CPU.ActiveCfg = Debug|Any CPU
		{CC32A5B9-0A11-41D1-891F-304A7C32A561}.Debug|Any CPU.Build.0 = Debug|Any CPU
		{CC32A5B9-0A11-41D1-891F-304A7C32A561}.Release|Any CPU.ActiveCfg = Release|Any CPU
		{CC32A5B9-0A11-41D1-891F-304A7C32A561}.Release|Any CPU.Build.0 = Release|Any CPU
		{92CC8E9B-E3D4-408C-82E7-18811F1C6E2E}.Debug|Any CPU.ActiveCfg = Debug|Any CPU
		{92CC8E9B-E3D4-408C-82E7-18811F1C6E2E}.Debug|Any CPU.Build.0 = Debug|Any CPU
		{92CC8E9B-E3D4-408C-82E7-18811F1C6E2E}.Release|Any CPU.ActiveCfg = Release|Any CPU
		{92CC8E9B-E3D4-408C-82E7-18811F1C6E2E}.Release|Any CPU.Build.0 = Release|Any CPU
		{51ADD5F2-E5CF-4360-AA78-B97FC790D828}.Debug|Any CPU.ActiveCfg = Debug|Any CPU
		{51ADD5F2-E5CF-4360-AA78-B97FC790D828}.Debug|Any CPU.Build.0 = Debug|Any CPU
		{51ADD5F2-E5CF-4360-AA78-B97FC790D828}.Release|Any CPU.ActiveCfg = Release|Any CPU
		{51ADD5F2-E5CF-4360-AA78-B97FC790D828}.Release|Any CPU.Build.0 = Release|Any CPU
	EndGlobalSection
	GlobalSection(SolutionProperties) = preSolution
		HideSolutionNode = FALSE
	EndGlobalSection
	GlobalSection(NestedProjects) = preSolution
		{B4FD0635-EA83-4E51-BFB5-B676D1F7DC85} = {FFB2CED4-7DD8-4F72-89BF-8B079C80C855}
		{4C4B5B3C-2520-4F59-AE6A-C04424767995} = {B4FD0635-EA83-4E51-BFB5-B676D1F7DC85}
		{F26D58AD-77FC-4A6F-A264-2290B2F35C9B} = {FFB2CED4-7DD8-4F72-89BF-8B079C80C855}
		{92CC8E9B-E3D4-408C-82E7-18811F1C6E2E} = {F26D58AD-77FC-4A6F-A264-2290B2F35C9B}
		{069725D9-F51E-45A1-B8B7-6A668D572FF9} = {FFB2CED4-7DD8-4F72-89BF-8B079C80C855}
		{51ADD5F2-E5CF-4360-AA78-B97FC790D828} = {069725D9-F51E-45A1-B8B7-6A668D572FF9}
	EndGlobalSection
	GlobalSection(ExtensibilityGlobals) = postSolution
		SolutionGuid = {C772D356-E792-41CD-8E0F-9C44D0B265A3}
	EndGlobalSection
EndGlobal
